// !$*UTF8*$!
{
	archiveVersion = 1;
	classes = {
	};
	objectVersion = 50;
	objects = {

/* Begin PBXBuildFile section */
		040129F220E4D04900AC8E82 /* AppDelegate.swift in Sources */ = {isa = PBXBuildFile; fileRef = 040129F120E4D04900AC8E82 /* AppDelegate.swift */; };
		040129F420E4D04900AC8E82 /* ViewController.swift in Sources */ = {isa = PBXBuildFile; fileRef = 040129F320E4D04900AC8E82 /* ViewController.swift */; };
		040129F720E4D04900AC8E82 /* Main.storyboard in Resources */ = {isa = PBXBuildFile; fileRef = 040129F520E4D04900AC8E82 /* Main.storyboard */; };
		040129F920E4D04D00AC8E82 /* Assets.xcassets in Resources */ = {isa = PBXBuildFile; fileRef = 040129F820E4D04D00AC8E82 /* Assets.xcassets */; };
		040129FC20E4D04D00AC8E82 /* LaunchScreen.storyboard in Resources */ = {isa = PBXBuildFile; fileRef = 040129FA20E4D04D00AC8E82 /* LaunchScreen.storyboard */; };
		04B27E6120EB60290042EC64 /* TableViewCell.swift in Sources */ = {isa = PBXBuildFile; fileRef = 04B27E5F20EB60290042EC64 /* TableViewCell.swift */; };
		04B27E6220EB60290042EC64 /* TableViewCell.xib in Resources */ = {isa = PBXBuildFile; fileRef = 04B27E6020EB60290042EC64 /* TableViewCell.xib */; };
		176F774520F35417002349D7 /* swifty.swift in Sources */ = {isa = PBXBuildFile; fileRef = 176F774420F35417002349D7 /* swifty.swift */; };
		1785F79B20EF781200E0D4D1 /* detailViewController.swift in Sources */ = {isa = PBXBuildFile; fileRef = 1785F79A20EF781200E0D4D1 /* detailViewController.swift */; };
		CBE5F1CCF290C5465587718C /* Pods_basicCell.framework in Frameworks */ = {isa = PBXBuildFile; fileRef = C04CABF1629FD65482EC4931 /* Pods_basicCell.framework */; };
/* End PBXBuildFile section */

/* Begin PBXFileReference section */
		040129EE20E4D04900AC8E82 /* basicCell.app */ = {isa = PBXFileReference; explicitFileType = wrapper.application; includeInIndex = 0; path = basicCell.app; sourceTree = BUILT_PRODUCTS_DIR; };
		040129F120E4D04900AC8E82 /* AppDelegate.swift */ = {isa = PBXFileReference; lastKnownFileType = sourcecode.swift; path = AppDelegate.swift; sourceTree = "<group>"; };
		040129F320E4D04900AC8E82 /* ViewController.swift */ = {isa = PBXFileReference; lastKnownFileType = sourcecode.swift; path = ViewController.swift; sourceTree = "<group>"; };
		040129F620E4D04900AC8E82 /* Base */ = {isa = PBXFileReference; lastKnownFileType = file.storyboard; name = Base; path = Base.lproj/Main.storyboard; sourceTree = "<group>"; };
		040129F820E4D04D00AC8E82 /* Assets.xcassets */ = {isa = PBXFileReference; lastKnownFileType = folder.assetcatalog; path = Assets.xcassets; sourceTree = "<group>"; };
		040129FB20E4D04D00AC8E82 /* Base */ = {isa = PBXFileReference; lastKnownFileType = file.storyboard; name = Base; path = Base.lproj/LaunchScreen.storyboard; sourceTree = "<group>"; };
		040129FD20E4D04D00AC8E82 /* Info.plist */ = {isa = PBXFileReference; lastKnownFileType = text.plist.xml; path = Info.plist; sourceTree = "<group>"; };
		04B27E5F20EB60290042EC64 /* TableViewCell.swift */ = {isa = PBXFileReference; lastKnownFileType = sourcecode.swift; path = TableViewCell.swift; sourceTree = "<group>"; };
		04B27E6020EB60290042EC64 /* TableViewCell.xib */ = {isa = PBXFileReference; lastKnownFileType = file.xib; path = TableViewCell.xib; sourceTree = "<group>"; };
		176F774420F35417002349D7 /* swifty.swift */ = {isa = PBXFileReference; fileEncoding = 4; lastKnownFileType = sourcecode.swift; name = swifty.swift; path = "../../json parsing (dictionary)/attempt1/jsonparsing(dictionary)/jsonparsing(dictionary)/swifty.swift"; sourceTree = "<group>"; };
		1785F79A20EF781200E0D4D1 /* detailViewController.swift */ = {isa = PBXFileReference; fileEncoding = 4; lastKnownFileType = sourcecode.swift; path = detailViewController.swift; sourceTree = "<group>"; };
		7EBB02DF34E787AD47DF8778 /* Pods-basicCell.release.xcconfig */ = {isa = PBXFileReference; includeInIndex = 1; lastKnownFileType = text.xcconfig; name = "Pods-basicCell.release.xcconfig"; path = "Pods/Target Support Files/Pods-basicCell/Pods-basicCell.release.xcconfig"; sourceTree = "<group>"; };
		C04CABF1629FD65482EC4931 /* Pods_basicCell.framework */ = {isa = PBXFileReference; explicitFileType = wrapper.framework; includeInIndex = 0; path = Pods_basicCell.framework; sourceTree = BUILT_PRODUCTS_DIR; };
		EB83FEE5A177F81678702102 /* Pods-basicCell.debug.xcconfig */ = {isa = PBXFileReference; includeInIndex = 1; lastKnownFileType = text.xcconfig; name = "Pods-basicCell.debug.xcconfig"; path = "Pods/Target Support Files/Pods-basicCell/Pods-basicCell.debug.xcconfig"; sourceTree = "<group>"; };
/* End PBXFileReference section */

/* Begin PBXFrameworksBuildPhase section */
		040129EB20E4D04900AC8E82 /* Frameworks */ = {
			isa = PBXFrameworksBuildPhase;
			buildActionMask = 2147483647;
			files = (
				CBE5F1CCF290C5465587718C /* Pods_basicCell.framework in Frameworks */,
			);
			runOnlyForDeploymentPostprocessing = 0;
		};
/* End PBXFrameworksBuildPhase section */

/* Begin PBXGroup section */
		040129E520E4D04900AC8E82 = {
			isa = PBXGroup;
			children = (
				040129F020E4D04900AC8E82 /* basicCell */,
				040129EF20E4D04900AC8E82 /* Products */,
				0CB2000276C85C8E1A60E9A3 /* Pods */,
				3D43015C9A87B85A0197C906 /* Frameworks */,
			);
			sourceTree = "<group>";
		};
		040129EF20E4D04900AC8E82 /* Products */ = {
			isa = PBXGroup;
			children = (
				040129EE20E4D04900AC8E82 /* basicCell.app */,
			);
			name = Products;
			sourceTree = "<group>";
		};
		040129F020E4D04900AC8E82 /* basicCell */ = {
			isa = PBXGroup;
			children = (
				176F774420F35417002349D7 /* swifty.swift */,
				1785F79A20EF781200E0D4D1 /* detailViewController.swift */,
				040129F120E4D04900AC8E82 /* AppDelegate.swift */,
				040129F320E4D04900AC8E82 /* ViewController.swift */,
				040129F520E4D04900AC8E82 /* Main.storyboard */,
				040129F820E4D04D00AC8E82 /* Assets.xcassets */,
				040129FA20E4D04D00AC8E82 /* LaunchScreen.storyboard */,
				040129FD20E4D04D00AC8E82 /* Info.plist */,
				04B27E5F20EB60290042EC64 /* TableViewCell.swift */,
				04B27E6020EB60290042EC64 /* TableViewCell.xib */,
			);
			path = basicCell;
			sourceTree = "<group>";
		};
		0CB2000276C85C8E1A60E9A3 /* Pods */ = {
			isa = PBXGroup;
			children = (
				EB83FEE5A177F81678702102 /* Pods-basicCell.debug.xcconfig */,
				7EBB02DF34E787AD47DF8778 /* Pods-basicCell.release.xcconfig */,
			);
			name = Pods;
			sourceTree = "<group>";
		};
		3D43015C9A87B85A0197C906 /* Frameworks */ = {
			isa = PBXGroup;
			children = (
				C04CABF1629FD65482EC4931 /* Pods_basicCell.framework */,
			);
			name = Frameworks;
			sourceTree = "<group>";
		};
/* End PBXGroup section */

/* Begin PBXNativeTarget section */
		040129ED20E4D04900AC8E82 /* basicCell */ = {
			isa = PBXNativeTarget;
			buildConfigurationList = 04012A0020E4D04D00AC8E82 /* Build configuration list for PBXNativeTarget "basicCell" */;
			buildPhases = (
				7DA1F886E19608013B32CB7A /* [CP] Check Pods Manifest.lock */,
				040129EA20E4D04900AC8E82 /* Sources */,
				040129EB20E4D04900AC8E82 /* Frameworks */,
				040129EC20E4D04900AC8E82 /* Resources */,
				32EDE2E0DF32222D00C9D7D1 /* [CP] Embed Pods Frameworks */,
			);
			buildRules = (
			);
			dependencies = (
			);
			name = basicCell;
			productName = basicCell;
			productReference = 040129EE20E4D04900AC8E82 /* basicCell.app */;
			productType = "com.apple.product-type.application";
		};
/* End PBXNativeTarget section */

/* Begin PBXProject section */
		040129E620E4D04900AC8E82 /* Project object */ = {
			isa = PBXProject;
			attributes = {
				LastSwiftUpdateCheck = 0940;
				LastUpgradeCheck = 0940;
				ORGANIZATIONNAME = mac;
				TargetAttributes = {
					040129ED20E4D04900AC8E82 = {
						CreatedOnToolsVersion = 9.4.1;
					};
				};
			};
			buildConfigurationList = 040129E920E4D04900AC8E82 /* Build configuration list for PBXProject "basicCell" */;
			compatibilityVersion = "Xcode 9.3";
			developmentRegion = en;
			hasScannedForEncodings = 0;
			knownRegions = (
				en,
				Base,
			);
			mainGroup = 040129E520E4D04900AC8E82;
			productRefGroup = 040129EF20E4D04900AC8E82 /* Products */;
			projectDirPath = "";
			projectRoot = "";
			targets = (
				040129ED20E4D04900AC8E82 /* basicCell */,
			);
		};
/* End PBXProject section */

/* Begin PBXResourcesBuildPhase section */
		040129EC20E4D04900AC8E82 /* Resources */ = {
			isa = PBXResourcesBuildPhase;
			buildActionMask = 2147483647;
			files = (
				040129FC20E4D04D00AC8E82 /* LaunchScreen.storyboard in Resources */,
				04B27E6220EB60290042EC64 /* TableViewCell.xib in Resources */,
				040129F920E4D04D00AC8E82 /* Assets.xcassets in Resources */,
				040129F720E4D04900AC8E82 /* Main.storyboard in Resources */,
			);
			runOnlyForDeploymentPostprocessing = 0;
		};
/* End PBXResourcesBuildPhase section */

/* Begin PBXShellScriptBuildPhase section */
		32EDE2E0DF32222D00C9D7D1 /* [CP] Embed Pods Frameworks */ = {
			isa = PBXShellScriptBuildPhase;
			buildActionMask = 2147483647;
			files = (
			);
			inputPaths = (
				"${SRCROOT}/Pods/Target Support Files/Pods-basicCell/Pods-basicCell-frameworks.sh",
				"${BUILT_PRODUCTS_DIR}/AFNetworking/AFNetworking.framework",
				"${BUILT_PRODUCTS_DIR}/SDWebImage/SDWebImage.framework",
			);
			name = "[CP] Embed Pods Frameworks";
			outputPaths = (
				"${TARGET_BUILD_DIR}/${FRAMEWORKS_FOLDER_PATH}/AFNetworking.framework",
				"${TARGET_BUILD_DIR}/${FRAMEWORKS_FOLDER_PATH}/SDWebImage.framework",
			);
			runOnlyForDeploymentPostprocessing = 0;
			shellPath = /bin/sh;
			shellScript = "\"${SRCROOT}/Pods/Target Support Files/Pods-basicCell/Pods-basicCell-frameworks.sh\"\n";
			showEnvVarsInLog = 0;
		};
		7DA1F886E19608013B32CB7A /* [CP] Check Pods Manifest.lock */ = {
			isa = PBXShellScriptBuildPhase;
			buildActionMask = 2147483647;
			files = (
			);
			inputPaths = (
				"${PODS_PODFILE_DIR_PATH}/Podfile.lock",
				"${PODS_ROOT}/Manifest.lock",
			);
			name = "[CP] Check Pods Manifest.lock";
			outputPaths = (
				"$(DERIVED_FILE_DIR)/Pods-basicCell-checkManifestLockResult.txt",
			);
			runOnlyForDeploymentPostprocessing = 0;
			shellPath = /bin/sh;
			shellScript = "diff \"${PODS_PODFILE_DIR_PATH}/Podfile.lock\" \"${PODS_ROOT}/Manifest.lock\" > /dev/null\nif [ $? != 0 ] ; then\n    # print error to STDERR\n    echo \"error: The sandbox is not in sync with the Podfile.lock. Run 'pod install' or update your CocoaPods installation.\" >&2\n    exit 1\nfi\n# This output is used by Xcode 'outputs' to avoid re-running this script phase.\necho \"SUCCESS\" > \"${SCRIPT_OUTPUT_FILE_0}\"\n";
			showEnvVarsInLog = 0;
		};
/* End PBXShellScriptBuildPhase section */

/* Begin PBXSourcesBuildPhase section */
		040129EA20E4D04900AC8E82 /* Sources */ = {
			isa = PBXSourcesBuildPhase;
			buildActionMask = 2147483647;
			files = (
				176F774520F35417002349D7 /* swifty.swift in Sources */,
				04B27E6120EB60290042EC64 /* TableViewCell.swift in Sources */,
				040129F420E4D04900AC8E82 /* ViewController.swift in Sources */,
				1785F79B20EF781200E0D4D1 /* detailViewController.swift in Sources */,
				040129F220E4D04900AC8E82 /* AppDelegate.swift in Sources */,
			);
			runOnlyForDeploymentPostprocessing = 0;
		};
/* End PBXSourcesBuildPhase section */

/* Begin PBXVariantGroup section */
		040129F520E4D04900AC8E82 /* Main.storyboard */ = {
			isa = PBXVariantGroup;
			children = (
				040129F620E4D04900AC8E82 /* Base */,
			);
			name = Main.storyboard;
			sourceTree = "<group>";
		};
		040129FA20E4D04D00AC8E82 /* LaunchScreen.storyboard */ = {
			isa = PBXVariantGroup;
			children = (
				040129FB20E4D04D00AC8E82 /* Base */,
			);
			name = LaunchScreen.storyboard;
			sourceTree = "<group>";
		};
/* End PBXVariantGroup section */

/* Begin XCBuildConfiguration section */
		040129FE20E4D04D00AC8E82 /* Debug */ = {
			isa = XCBuildConfiguration;
			buildSettings = {
				ALWAYS_SEARCH_USER_PATHS = NO;
				CLANG_ANALYZER_NONNULL = YES;
				CLANG_ANALYZER_NUMBER_OBJECT_CONVERSION = YES_AGGRESSIVE;
				CLANG_CXX_LANGUAGE_STANDARD = "gnu++14";
				CLANG_CXX_LIBRARY = "libc++";
				CLANG_ENABLE_MODULES = YES;
				CLANG_ENABLE_OBJC_ARC = YES;
				CLANG_ENABLE_OBJC_WEAK = YES;
				CLANG_WARN_BLOCK_CAPTURE_AUTORELEASING = YES;
				CLANG_WARN_BOOL_CONVERSION = YES;
				CLANG_WARN_COMMA = YES;
				CLANG_WARN_CONSTANT_CONVERSION = YES;
				CLANG_WARN_DEPRECATED_OBJC_IMPLEMENTATIONS = YES;
				CLANG_WARN_DIRECT_OBJC_ISA_USAGE = YES_ERROR;
				CLANG_WARN_DOCUMENTATION_COMMENTS = YES;
				CLANG_WARN_EMPTY_BODY = YES;
				CLANG_WARN_ENUM_CONVERSION = YES;
				CLANG_WARN_INFINITE_RECURSION = YES;
				CLANG_WARN_INT_CONVERSION = YES;
				CLANG_WARN_NON_LITERAL_NULL_CONVERSION = YES;
				CLANG_WARN_OBJC_IMPLICIT_RETAIN_SELF = YES;
				CLANG_WARN_OBJC_LITERAL_CONVERSION = YES;
				CLANG_WARN_OBJC_ROOT_CLASS = YES_ERROR;
				CLANG_WARN_RANGE_LOOP_ANALYSIS = YES;
				CLANG_WARN_STRICT_PROTOTYPES = YES;
				CLANG_WARN_SUSPICIOUS_MOVE = YES;
				CLANG_WARN_UNGUARDED_AVAILABILITY = YES_AGGRESSIVE;
				CLANG_WARN_UNREACHABLE_CODE = YES;
				CLANG_WARN__DUPLICATE_METHOD_MATCH = YES;
				CODE_SIGN_IDENTITY = "iPhone Developer";
				COPY_PHASE_STRIP = NO;
				DEBUG_INFORMATION_FORMAT = dwarf;
				ENABLE_STRICT_OBJC_MSGSEND = YES;
				ENABLE_TESTABILITY = YES;
				GCC_C_LANGUAGE_STANDARD = gnu11;
				GCC_DYNAMIC_NO_PIC = NO;
				GCC_NO_COMMON_BLOCKS = YES;
				GCC_OPTIMIZATION_LEVEL = 0;
				GCC_PREPROCESSOR_DEFINITIONS = (
					"DEBUG=1",
					"$(inherited)",
				);
				GCC_WARN_64_TO_32_BIT_CONVERSION = YES;
				GCC_WARN_ABOUT_RETURN_TYPE = YES_ERROR;
				GCC_WARN_UNDECLARED_SELECTOR = YES;
				GCC_WARN_UNINITIALIZED_AUTOS = YES_AGGRESSIVE;
				GCC_WARN_UNUSED_FUNCTION = YES;
				GCC_WARN_UNUSED_VARIABLE = YES;
				IPHONEOS_DEPLOYMENT_TARGET = 11.4;
				MTL_ENABLE_DEBUG_INFO = YES;
				ONLY_ACTIVE_ARCH = YES;
				SDKROOT = iphoneos;
				SWIFT_ACTIVE_COMPILATION_CONDITIONS = DEBUG;
				SWIFT_OPTIMIZATION_LEVEL = "-Onone";
			};
			name = Debug;
		};
		040129FF20E4D04D00AC8E82 /* Release */ = {
			isa = XCBuildConfiguration;
			buildSettings = {
				ALWAYS_SEARCH_USER_PATHS = NO;
				CLANG_ANALYZER_NONNULL = YES;
				CLANG_ANALYZER_NUMBER_OBJECT_CONVERSION = YES_AGGRESSIVE;
				CLANG_CXX_LANGUAGE_STANDARD = "gnu++14";
				CLANG_CXX_LIBRARY = "libc++";
				CLANG_ENABLE_MODULES = YES;
				CLANG_ENABLE_OBJC_ARC = YES;
				CLANG_ENABLE_OBJC_WEAK = YES;
				CLANG_WARN_BLOCK_CAPTURE_AUTORELEASING = YES;
				CLANG_WARN_BOOL_CONVERSION = YES;
				CLANG_WARN_COMMA = YES;
				CLANG_WARN_CONSTANT_CONVERSION = YES;
				CLANG_WARN_DEPRECATED_OBJC_IMPLEMENTATIONS = YES;
				CLANG_WARN_DIRECT_OBJC_ISA_USAGE = YES_ERROR;
				CLANG_WARN_DOCUMENTATION_COMMENTS = YES;
				CLANG_WARN_EMPTY_BODY = YES;
				CLANG_WARN_ENUM_CONVERSION = YES;
				CLANG_WARN_INFINITE_RECURSION = YES;
				CLANG_WARN_INT_CONVERSION = YES;
				CLANG_WARN_NON_LITERAL_NULL_CONVERSION = YES;
				CLANG_WARN_OBJC_IMPLICIT_RETAIN_SELF = YES;
				CLANG_WARN_OBJC_LITERAL_CONVERSION = YES;
				CLANG_WARN_OBJC_ROOT_CLASS = YES_ERROR;
				CLANG_WARN_RANGE_LOOP_ANALYSIS = YES;
				CLANG_WARN_STRICT_PROTOTYPES = YES;
				CLANG_WARN_SUSPICIOUS_MOVE = YES;
				CLANG_WARN_UNGUARDED_AVAILABILITY = YES_AGGRESSIVE;
				CLANG_WARN_UNREACHABLE_CODE = YES;
				CLANG_WARN__DUPLICATE_METHOD_MATCH = YES;
				CODE_SIGN_IDENTITY = "iPhone Developer";
				COPY_PHASE_STRIP = NO;
				DEBUG_INFORMATION_FORMAT = "dwarf-with-dsym";
				ENABLE_NS_ASSERTIONS = NO;
				ENABLE_STRICT_OBJC_MSGSEND = YES;
				GCC_C_LANGUAGE_STANDARD = gnu11;
				GCC_NO_COMMON_BLOCKS = YES;
				GCC_WARN_64_TO_32_BIT_CONVERSION = YES;
				GCC_WARN_ABOUT_RETURN_TYPE = YES_ERROR;
				GCC_WARN_UNDECLARED_SELECTOR = YES;
				GCC_WARN_UNINITIALIZED_AUTOS = YES_AGGRESSIVE;
				GCC_WARN_UNUSED_FUNCTION = YES;
				GCC_WARN_UNUSED_VARIABLE = YES;
				IPHONEOS_DEPLOYMENT_TARGET = 11.4;
				MTL_ENABLE_DEBUG_INFO = NO;
				SDKROOT = iphoneos;
				SWIFT_COMPILATION_MODE = wholemodule;
				SWIFT_OPTIMIZATION_LEVEL = "-O";
				VALIDATE_PRODUCT = YES;
			};
			name = Release;
		};
		04012A0120E4D04D00AC8E82 /* Debug */ = {
			isa = XCBuildConfiguration;
			baseConfigurationReference = EB83FEE5A177F81678702102 /* Pods-basicCell.debug.xcconfig */;
			buildSettings = {
				ASSETCATALOG_COMPILER_APPICON_NAME = AppIcon;
				CODE_SIGN_STYLE = Automatic;
				INFOPLIST_FILE = basicCell/Info.plist;
				LD_RUNPATH_SEARCH_PATHS = (
					"$(inherited)",
					"@executable_path/Frameworks",
				);
				PRODUCT_BUNDLE_IDENTIFIER = RJIL.basicCell;
				PRODUCT_NAME = "$(TARGET_NAME)";
				SWIFT_VERSION = 4.0;
				TARGETED_DEVICE_FAMILY = "1,2";
			};
			name = Debug;
		};
		04012A0220E4D04D00AC8E82 /* Release */ = {
			isa = XCBuildConfiguration;
			baseConfigurationReference = 7EBB02DF34E787AD47DF8778 /* Pods-basicCell.release.xcconfig */;
			buildSettings = {
				ASSETCATALOG_COMPILER_APPICON_NAME = AppIcon;
				CODE_SIGN_STYLE = Automatic;
				INFOPLIST_FILE = basicCell/Info.plist;
				LD_RUNPATH_SEARCH_PATHS = (
					"$(inherited)",
					"@executable_path/Frameworks",
				);
				PRODUCT_BUNDLE_IDENTIFIER = RJIL.basicCell;
				PRODUCT_NAME = "$(TARGET_NAME)";
				SWIFT_VERSION = 4.0;
				TARGETED_DEVICE_FAMILY = "1,2";
			};
			name = Release;
		};
/* End XCBuildConfiguration section */

/* Begin XCConfigurationList section */
		040129E920E4D04900AC8E82 /* Build configuration list for PBXProject "basicCell" */ = {
			isa = XCConfigurationList;
			buildConfigurations = (
				040129FE20E4D04D00AC8E82 /* Debug */,
				040129FF20E4D04D00AC8E82 /* Release */,
			);
			defaultConfigurationIsVisible = 0;
			defaultConfigurationName = Release;
		};
		04012A0020E4D04D00AC8E82 /* Build configuration list for PBXNativeTarget "basicCell" */ = {
			isa = XCConfigurationList;
			buildConfigurations = (
				04012A0120E4D04D00AC8E82 /* Debug */,
				04012A0220E4D04D00AC8E82 /* Release */,
			);
			defaultConfigurationIsVisible = 0;
			defaultConfigurationName = Release;
		};
/* End XCConfigurationList section */
	};
	rootObject = 040129E620E4D04900AC8E82 /* Project object */;
}
